lockfileVersion: '9.0'

settings:
  autoInstallPeers: true
  excludeLinksFromLockfile: false

importers:

  .:
    dependencies:
      pnpm:
        specifier: ^9.0.5
        version: 9.0.5

packages:

  pnpm@9.0.5:
    resolution: {integrity: sha512-pyJXXBj9eR+e9x44fG4WzAPJDYWbmwmY0EKMoOMiCCizKpbm3nPOo07bwPUIJHcbGmnH6ja4bao7icfm2aPZEg==}
    engines: {node: '>=18.12'}
    hasBin: true

snapshots:

  pnpm@9.0.5: {}
